<?xml version="1.0" encoding="utf-8"?>
<Project ToolsVersion="4.0" xmlns="http://schemas.microsoft.com/developer/msbuild/2003">
  <ItemGroup>
    <Filter Include="Source Files">
      <UniqueIdentifier>{4FC737F1-C7A5-4376-A066-2A32D752A2FF}</UniqueIdentifier>
      <Extensions>cpp;c;cc;cxx;c++;cppm;ixx;def;odl;idl;hpj;bat;asm;asmx</Extensions>
    </Filter>
    <Filter Include="Header Files">
      <UniqueIdentifier>{93995380-89BD-4b04-88EB-625FBE52EBFB}</UniqueIdentifier>
      <Extensions>h;hh;hpp;hxx;h++;hm;inl;inc;ipp;xsd</Extensions>
    </Filter>
    <Filter Include="Resource Files">
      <UniqueIdentifier>{67DA6AB6-F800-4c08-8B7A-83BB121AAD01}</UniqueIdentifier>
      <Extensions>rc;ico;cur;bmp;dlg;rc2;rct;bin;rgs;gif;jpg;jpeg;jpe;resx;tiff;tif;png;wav;mfcribbon-ms</Extensions>
    </Filter>
    <Filter Include="Resource Files\GLFW">
      <UniqueIdentifier>{c8a9ba89-1649-4010-a2e6-7930b480da2f}</UniqueIdentifier>
    </Filter>
    <Filter Include="Resource Files\GLEW">
      <UniqueIdentifier>{bb4dc786-13f1-4525-969a-326ff5551058}</UniqueIdentifier>
    </Filter>
    <Filter Include="Resource Files\GLM">
      <UniqueIdentifier>{e5809503-dee8-4c02-a4d2-9af59a4d2747}</UniqueIdentifier>
    </Filter>
    <Filter Include="Resource Files\STBImage">
      <UniqueIdentifier>{10dc14e6-1024-4682-b9ab-c0070ff916bc}</UniqueIdentifier>
    </Filter>
  </ItemGroup>
  <ItemGroup>
    <ClCompile Include="main.cpp">
      <Filter>Source Files</Filter>
    </ClCompile>
    <ClCompile Include="display.cpp">
      <Filter>Source Files</Filter>
    </ClCompile>
  </ItemGroup>
  <ItemGroup>
    <ClInclude Include="Resources\GLEW\glxew.h">
      <Filter>Resource Files\GLEW</Filter>
    </ClInclude>
    <ClInclude Include="Resources\GLEW\wglew.h">
      <Filter>Resource Files\GLEW</Filter>
    </ClInclude>
    <ClInclude Include="Resources\GLEW\eglew.h">
      <Filter>Resource Files\GLEW</Filter>
    </ClInclude>
    <ClInclude Include="Resources\GLEW\glew.h">
      <Filter>Resource Files\GLEW</Filter>
    </ClInclude>
    <ClInclude Include="Resources\GLFW\glfw3native.h">
      <Filter>Resource Files\GLFW</Filter>
    </ClInclude>
    <ClInclude Include="Resources\GLFW\glfw3.h">
      <Filter>Resource Files\GLFW</Filter>
    </ClInclude>
    <ClInclude Include="display.h">
      <Filter>Header Files</Filter>
    </ClInclude>
    <ClInclude Include="Resources\STBImage\STBImage.h">
      <Filter>Resource Files\STBImage</Filter>
    </ClInclude>
    <ClInclude Include="ftd2xx.h">
      <Filter>Header Files</Filter>
    </ClInclude>
  </ItemGroup>
  <ItemGroup>
    <Library Include="Resources\GLEW\glew32s.lib">
      <Filter>Resource Files\GLEW</Filter>
    </Library>
    <Library Include="Resources\GLFW\glfw3.lib">
      <Filter>Resource Files\GLFW</Filter>
    </Library>
  </ItemGroup>
</Project>